{"1.2.0",
[{<<"accept">>,{pkg,<<"accept">>,<<"0.3.6">>},2},
 {<<"acceptor_pool">>,{pkg,<<"acceptor_pool">>,<<"1.0.0">>},2},
 {<<"brod">>,{pkg,<<"brod">>,<<"3.16.1">>},0},
 {<<"cache">>,{pkg,<<"cache">>,<<"2.3.3">>},1},
 {<<"canal">>,
  {git,"https://github.com/valitydev/canal",
       {ref,"89faedce3b054bcca7cc31ca64d2ead8a9402305"}},
  2},
 {<<"certifi">>,{pkg,<<"certifi">>,<<"2.8.0">>},2},
 {<<"cg_mon">>,
  {git,"https://github.com/valitydev/cg_mon",
       {ref,"5a87a37694e42b6592d3b4164ae54e0e87e24e18"}},
  0},
 {<<"chatterbox">>,{pkg,<<"ts_chatterbox">>,<<"0.15.1">>},2},
 {<<"cowboy">>,{pkg,<<"cowboy">>,<<"2.9.0">>},1},
 {<<"cowlib">>,{pkg,<<"cowlib">>,<<"2.11.0">>},2},
 {<<"crc32cer">>,{pkg,<<"crc32cer">>,<<"0.1.8">>},2},
 {<<"ctx">>,{pkg,<<"ctx">>,<<"0.6.0">>},2},
 {<<"epg_connector">>,
  {git,"https://github.com/valitydev/epg_connector.git",
       {ref,"939a0d4ab3f7561a79b45381bbe13029d9263006"}},
  1},
 {<<"epgsql">>,
  {git,"https://github.com/epgsql/epgsql.git",
       {ref,"28e9f84c95065a51e92baeb37d2cf1687fc4b9ce"}},
  2},
 {<<"erl_health">>,
  {git,"https://github.com/valitydev/erlang-health",
       {ref,"49716470d0e8dab5e37db55d52dea78001735a3d"}},
  0},
 {<<"genlib">>,
  {git,"https://github.com/valitydev/genlib",
       {ref,"d2324089afbbd9630e85fac554620f1de0b33dfe"}},
  0},
 {<<"gproc">>,{pkg,<<"gproc">>,<<"0.9.0">>},0},
 {<<"grpcbox">>,{pkg,<<"grpcbox">>,<<"0.17.1">>},1},
 {<<"hackney">>,{pkg,<<"hackney">>,<<"1.18.0">>},1},
 {<<"hamcrest">>,
  {git,"https://github.com/basho/hamcrest-erlang.git",
       {ref,"ad3dbab419762fc2d5821abb88b989da006b85c6"}},
  2},
 {<<"hpack">>,{pkg,<<"hpack_erl">>,<<"0.3.0">>},3},
 {<<"idna">>,{pkg,<<"idna">>,<<"6.1.1">>},2},
 {<<"jsone">>,{pkg,<<"jsone">>,<<"1.8.0">>},3},
 {<<"jsx">>,{pkg,<<"jsx">>,<<"3.1.0">>},1},
 {<<"kafka_protocol">>,{pkg,<<"kafka_protocol">>,<<"4.0.1">>},1},
 {<<"metrics">>,{pkg,<<"metrics">>,<<"1.0.1">>},2},
 {<<"mg_proto">>,
  {git,"https://github.com/valitydev/machinegun-proto",
       {ref,"3decc8f8b13c9cd1701deab47781aacddd7dbc92"}},
  0},
 {<<"mimerl">>,{pkg,<<"mimerl">>,<<"1.4.0">>},2},
 {<<"msgpack">>,
  {git,"https://github.com/msgpack/msgpack-erlang",
       {ref,"6b544de60723839244866b109d6a79c7caca6bc9"}},
  0},
 {<<"opentelemetry">>,{pkg,<<"opentelemetry">>,<<"1.5.0">>},0},
 {<<"opentelemetry_api">>,{pkg,<<"opentelemetry_api">>,<<"1.4.0">>},0},
 {<<"opentelemetry_exporter">>,
  {pkg,<<"opentelemetry_exporter">>,<<"1.8.0">>},
  0},
 {<<"parse_trans">>,{pkg,<<"parse_trans">>,<<"3.3.1">>},2},
 {<<"pooler">>,
  {git,"https://github.com/seth/pooler",
       {ref,"96e1840b0d67d06b12b14fa3699b13c1d6ebda73"}},
  0},
 {<<"progressor">>,
  {git,"https://github.com/valitydev/progressor.git",
       {ref,"27e9fc7a4c37ca903883676aa1409034c7b3ea9e"}},
  0},
 {<<"prometheus">>,{pkg,<<"prometheus">>,<<"4.11.0">>},0},
 {<<"prometheus_cowboy">>,{pkg,<<"prometheus_cowboy">>,<<"0.1.9">>},0},
 {<<"prometheus_httpd">>,{pkg,<<"prometheus_httpd">>,<<"2.1.13">>},1},
 {<<"quantile_estimator">>,{pkg,<<"quantile_estimator">>,<<"0.2.1">>},1},
 {<<"ranch">>,{pkg,<<"ranch">>,<<"1.8.0">>},2},
 {<<"recon">>,{pkg,<<"recon">>,<<"2.3.2">>},0},
 {<<"riak_pb">>,
  {git,"https://github.com/basho/riak_pb",
       {ref,"08771aba2ce4935b715d32d1b92555efdc3da994"}},
  1},
 {<<"riakc">>,
  {git,"https://github.com/valitydev/riak-erlang-client",
       {ref,"c1d364c18e73c9118ba92bbfd538c935800cdabb"}},
  0},
 {<<"snappyer">>,{pkg,<<"snappyer">>,<<"1.2.10">>},0},
 {<<"snowflake">>,
  {git,"https://github.com/valitydev/snowflake",
       {ref,"de159486ef40cec67074afe71882bdc7f7deab72"}},
  0},
 {<<"ssl_verify_fun">>,{pkg,<<"ssl_verify_fun">>,<<"1.1.7">>},2},
 {<<"supervisor3">>,{pkg,<<"supervisor3">>,<<"1.1.11">>},1},
 {<<"thrift">>,
  {git,"https://github.com/valitydev/thrift_erlang.git",
       {ref,"3a60e5dc5bbd709495024f26e100b041c3547fd9"}},
  1},
 {<<"tls_certificate_check">>,
  {pkg,<<"tls_certificate_check">>,<<"1.26.0">>},
  1},
 {<<"unicode_util_compat">>,{pkg,<<"unicode_util_compat">>,<<"0.7.1">>},2},
 {<<"woody">>,
  {git,"https://github.com/valitydev/woody_erlang",
       {ref,"3de9a236b66807d5397b28aed42e2b1c85f36739"}},
  0},
 {<<"yamerl">>,
  {git,"https://github.com/valitydev/yamerl",
       {ref,"573199f422d5920a6429dc1f75aa983706b83083"}},
  0}]}.
[
{pkg_hash,[
 {<<"accept">>, <<"AD44AC7D704BF70EF8FB2E313EF5B978F9D1330BDDAC64509E93AFDA13281215">>},
 {<<"acceptor_pool">>, <<"43C20D2ACAE35F0C2BCD64F9D2BDE267E459F0F3FD23DAB26485BF518C281B21">>},
 {<<"brod">>, <<"1C7B03F99C7CC310DE5511CADAD9879AB0CC5F1A2612211E68C26DAD517D31B0">>},
 {<<"cache">>, <<"B23A5FE7095445A88412A6E614C933377E0137B44FFED77C9B3FEF1A731A20B2">>},
 {<<"certifi">>, <<"D4FB0A6BB20B7C9C3643E22507E42F356AC090A1DCEA9AB99E27E0376D695EBA">>},
 {<<"chatterbox">>, <<"5CAC4D15DD7AD61FC3C4415CE4826FC563D4643DEE897A558EC4EA0B1C835C9C">>},
 {<<"cowboy">>, <<"865DD8B6607E14CF03282E10E934023A1BD8BE6F6BACF921A7E2A96D800CD452">>},
 {<<"cowlib">>, <<"0B9FF9C346629256C42EBE1EEB769A83C6CB771A6EE5960BD110AB0B9B872063">>},
 {<<"crc32cer">>, <<"C6C2275C5FB60A95F4935D414F30B50EE9CFED494081C9B36EBB02EDFC2F48DB">>},
 {<<"ctx">>, <<"8FF88B70E6400C4DF90142E7F130625B82086077A45364A78D208ED3ED53C7FE">>},
 {<<"gproc">>, <<"853CCB7805E9ADA25D227A157BA966F7B34508F386A3E7E21992B1B484230699">>},
 {<<"grpcbox">>, <<"6E040AB3EF16FE699FFB513B0EF8E2E896DA7B18931A1EF817143037C454BCCE">>},
 {<<"hackney">>, <<"C4443D960BB9FBA6D01161D01CD81173089686717D9490E5D3606644C48D121F">>},
 {<<"hpack">>, <<"2461899CC4AB6A0EF8E970C1661C5FC6A52D3C25580BC6DD204F84CE94669926">>},
 {<<"idna">>, <<"8A63070E9F7D0C62EB9D9FCB360A7DE382448200FBBD1B106CC96D3D8099DF8D">>},
 {<<"jsone">>, <<"347FF1FA700E182E1F9C5012FA6D737B12C854313B9AE6954CA75D3987D6C06D">>},
 {<<"jsx">>, <<"D12516BAA0BB23A59BB35DCCAF02A1BD08243FCBB9EFE24F2D9D056CCFF71268">>},
 {<<"kafka_protocol">>, <<"FC696880C73483C8B032C4BB60F2873046035C7824E1EDCB924CFCE643CF23DD">>},
 {<<"metrics">>, <<"25F094DEA2CDA98213CECC3AEFF09E940299D950904393B2A29D191C346A8486">>},
 {<<"mimerl">>, <<"3882A5CA67FBBE7117BA8947F27643557ADEC38FA2307490C4C4207624CB213B">>},
 {<<"opentelemetry">>, <<"7DDA6551EDFC3050EA4B0B40C0D2570423D6372B97E9C60793263EF62C53C3C2">>},
 {<<"opentelemetry_api">>, <<"63CA1742F92F00059298F478048DFB826F4B20D49534493D6919A0DB39B6DB04">>},
 {<<"opentelemetry_exporter">>, <<"5D546123230771EF4174E37BEDFD77E3374913304CD6EA3CA82A2ADD49CD5D56">>},
 {<<"parse_trans">>, <<"16328AB840CC09919BD10DAB29E431DA3AF9E9E7E7E6F0089DD5A2D2820011D8">>},
 {<<"prometheus">>, <<"B95F8DE8530F541BD95951E18E355A840003672E5EDA4788C5FA6183406BA29A">>},
 {<<"prometheus_cowboy">>, <<"D9D5B300516A61ED5AE31391F8EEEEB202230081D32A1813F2D78772B6F274E1">>},
 {<<"prometheus_httpd">>, <<"F086390B4E4E3F41112889B745BAC53D26437B6139496E6700C2508858F5985B">>},
 {<<"quantile_estimator">>, <<"EF50A361F11B5F26B5F16D0696E46A9E4661756492C981F7B2229EF42FF1CD15">>},
 {<<"ranch">>, <<"8C7A100A139FD57F17327B6413E4167AC559FBC04CA7448E9BE9057311597A1D">>},
 {<<"recon">>, <<"4444C879BE323B1B133EEC5241CB84BD3821EA194C740D75617E106BE4744318">>},
 {<<"snappyer">>, <<"023E9AE00E969B0997208B5DE7D3B12BB46EC6BC5411E8DC53E7B3F435B8F0FD">>},
 {<<"ssl_verify_fun">>, <<"354C321CF377240C7B8716899E182CE4890C5938111A1296ADD3EC74CF1715DF">>},
 {<<"supervisor3">>, <<"D81CDEC31D102FDE407423E1D05B569572850DEEBED86B951D5233C387CBA80B">>},
 {<<"tls_certificate_check">>, <<"C0E8FFAB875748F2B122D4D4E465AEAA7249EA539F1004B7922CB3C61FFE261D">>},
 {<<"unicode_util_compat">>, <<"A48703A25C170EEDADCA83B11E88985AF08D35F37C6F664D6DCFB106A97782FC">>}]},
{pkg_hash_ext,[
 {<<"accept">>, <<"A5167FA1AE90315C3F1DD189446312F8A55D00EFA357E9C569BDA47736B874C3">>},
 {<<"acceptor_pool">>, <<"0CBCD83FDC8B9AD2EEE2067EF8B91A14858A5883CB7CD800E6FCD5803E158788">>},
 {<<"brod">>, <<"8297C47CD1FF0657955027FA1BEB62EDFAAB1CC5E09B714CC29BD7F1C8D40083">>},
 {<<"cache">>, <<"44516CE6FA03594D3A2AF025DD3A87BFE711000EB730219E1DDEFC816E0AA2F4">>},
 {<<"certifi">>, <<"6AC7EFC1C6F8600B08D625292D4BBF584E14847CE1B6B5C44D983D273E1097EA">>},
 {<<"chatterbox">>, <<"4F75B91451338BC0DA5F52F3480FA6EF6E3A2AEECFC33686D6B3D0A0948F31AA">>},
 {<<"cowboy">>, <<"2C729F934B4E1AA149AFF882F57C6372C15399A20D54F65C8D67BEF583021BDE">>},
 {<<"cowlib">>, <<"2B3E9DA0B21C4565751A6D4901C20D1B4CC25CBB7FD50D91D2AB6DD287BC86A9">>},
 {<<"crc32cer">>, <<"251499085482920DEB6C9B7AADABF9FB4C432F96ADD97AB42AEE4501E5B6F591">>},
 {<<"ctx">>, <<"A14ED2D1B67723DBEBBE423B28D7615EB0BDCBA6FF28F2D1F1B0A7E1D4AA5FC2">>},
 {<<"gproc">>, <<"587E8AF698CCD3504CF4BA8D90F893EDE2B0F58CABB8A916E2BF9321DE3CF10B">>},
 {<<"grpcbox">>, <<"4A3B5D7111DAABC569DC9CBD9B202A3237D81C80BF97212FBC676832CB0CEB17">>},
 {<<"hackney">>, <<"9AFCDA620704D720DB8C6A3123E9848D09C87586DC1C10479C42627B905B5C5E">>},
 {<<"hpack">>, <<"D6137D7079169D8C485C6962DFE261AF5B9EF60FBC557344511C1E65E3D95FB0">>},
 {<<"idna">>, <<"92376EB7894412ED19AC475E4A86F7B413C1B9FBB5BD16DCCD57934157944CEA">>},
 {<<"jsone">>, <<"08560B78624A12E0B5E7EC0271EC8CA38EF51F63D84D84843473E14D9B12618C">>},
 {<<"jsx">>, <<"0C5CC8FDC11B53CC25CF65AC6705AD39E54ECC56D1C22E4ADB8F5A53FB9427F3">>},
 {<<"kafka_protocol">>, <<"687BFD9989998EC8FBBC3ED50D1239A6C07A7DC15B52914AD477413B89ECB621">>},
 {<<"metrics">>, <<"69B09ADDDC4F74A40716AE54D140F93BEB0FB8978D8636EADED0C31B6F099F16">>},
 {<<"mimerl">>, <<"13AF15F9F68C65884ECCA3A3891D50A7B57D82152792F3E19D88650AA126B144">>},
 {<<"opentelemetry">>, <<"CDF4F51D17B592FC592B9A75F86A6F808C23044BA7CF7B9534DEBBCC5C23B0EE">>},
 {<<"opentelemetry_api">>, <<"3DFBBFAA2C2ED3121C5C483162836C4F9027DEF469C41578AF5EF32589FCFC58">>},
 {<<"opentelemetry_exporter">>, <<"A1F9F271F8D3B02B81462A6BFEF7075FD8457FDB06ADFF5D2537DF5E2264D9AF">>},
 {<<"parse_trans">>, <<"07CD9577885F56362D414E8C4C4E6BDF10D43A8767ABB92D24CBE8B24C54888B">>},
 {<<"prometheus">>, <<"719862351AABF4DF7079B05DC085D2BBCBE3AC0AC3009E956671B1D5AB88247D">>},
 {<<"prometheus_cowboy">>, <<"5F71C039DEB9E9FF9DD6366BC74C907A463872B85286E619EFF0BDA15111695A">>},
 {<<"prometheus_httpd">>, <<"9B5A44D1F6FBB3C3FE6F85F06DAFE680AD9FFD591EC65A10BB51DFF0FBBE45D2">>},
 {<<"quantile_estimator">>, <<"282A8A323CA2A845C9E6F787D166348F776C1D4A41EDE63046D72D422E3DA946">>},
 {<<"ranch">>, <<"49FBCFD3682FAB1F5D109351B61257676DA1A2FDBE295904176D5E521A2DDFE5">>},
 {<<"recon">>, <<"A6FCFBDABE1AEF9119B871304846B1CE282D9A4124BCDDAFC7616C1A256C7596">>},
 {<<"snappyer">>, <<"F55BD9ED147E7163CB3ACD1E431A7FF2C9E31CEACBB8308786094FB64551C284">>},
 {<<"ssl_verify_fun">>, <<"FE4C190E8F37401D30167C8C405EDA19469F34577987C76DDE613E838BBC67F8">>},
 {<<"supervisor3">>, <<"E6C2DEDBCABCBA24995A218ACA12DB5E208B80D3252692B22EF0F1A266104B50">>},
 {<<"tls_certificate_check">>, <<"1BAD73D88637F788B554A8E939C25DB2BDAAC88B10FFFD5BBA9D1B65F43A6B54">>},
 {<<"unicode_util_compat">>, <<"B3A917854CE3AE233619744AD1E0102E05673136776FB2FA76234F3E03B23642">>}]}
].
